
Microsoft Visual Studio Solution File, Format Version 12.00
Project("{FAE04EC0-301F-11D3-BF4B-00C04F79EFBC}") = "StudentEnrollment02.Esdb", "StudentEnrollment02.Esdb\StudentEnrollment02.Esdb.csproj", "{446FF6B7-B58B-4CFB-8E98-C5B3AED9BA4D}"
EndProject
Project("{2150E333-8FDC-42A3-9474-1A3956D46DE8}") = "Solution Items", "Solution Items", "{43721FA4-09D5-4B98-9684-8752B40047AD}"
	ProjectSection(SolutionItems) = preProject
		docker-compose.yml = docker-compose.yml
		.gitignore = .gitignore
		global.json = global.json
		README.md = README.md
	EndProjectSection
EndProject
Project("{FAE04EC0-301F-11D3-BF4B-00C04F79EFBC}") = "StudentEnrollment01.InMemory", "StudentEnrollment01.InMemory\StudentEnrollment01.InMemory.csproj", "{B8D543AF-F986-4E50-AD1D-492B38A58ECF}"
EndProject
Project("{FAE04EC0-301F-11D3-BF4B-00C04F79EFBC}") = "StudentEnrollment03.Esdb", "StudentEnrollment03.Esdb\StudentEnrollment03.Esdb.csproj", "{EB41DB46-23BF-4D69-A637-CC342929B974}"
EndProject
Project("{FAE04EC0-301F-11D3-BF4B-00C04F79EFBC}") = "StudentEnrollment04.Esdb", "StudentEnrollment04.Esdb\StudentEnrollment04.Esdb.csproj", "{5686BECA-8981-4693-9A82-6AFC10B45270}"
EndProject
Global
	GlobalSection(SolutionConfigurationPlatforms) = preSolution
		Debug|Any CPU = Debug|Any CPU
		Release|Any CPU = Release|Any CPU
	EndGlobalSection
	GlobalSection(ProjectConfigurationPlatforms) = postSolution
		{446FF6B7-B58B-4CFB-8E98-C5B3AED9BA4D}.Debug|Any CPU.ActiveCfg = Debug|Any CPU
		{446FF6B7-B58B-4CFB-8E98-C5B3AED9BA4D}.Debug|Any CPU.Build.0 = Debug|Any CPU
		{446FF6B7-B58B-4CFB-8E98-C5B3AED9BA4D}.Release|Any CPU.ActiveCfg = Release|Any CPU
		{446FF6B7-B58B-4CFB-8E98-C5B3AED9BA4D}.Release|Any CPU.Build.0 = Release|Any CPU
		{B8D543AF-F986-4E50-AD1D-492B38A58ECF}.Debug|Any CPU.ActiveCfg = Debug|Any CPU
		{B8D543AF-F986-4E50-AD1D-492B38A58ECF}.Debug|Any CPU.Build.0 = Debug|Any CPU
		{B8D543AF-F986-4E50-AD1D-492B38A58ECF}.Release|Any CPU.ActiveCfg = Release|Any CPU
		{B8D543AF-F986-4E50-AD1D-492B38A58ECF}.Release|Any CPU.Build.0 = Release|Any CPU
		{EB41DB46-23BF-4D69-A637-CC342929B974}.Debug|Any CPU.ActiveCfg = Debug|Any CPU
		{EB41DB46-23BF-4D69-A637-CC342929B974}.Debug|Any CPU.Build.0 = Debug|Any CPU
		{EB41DB46-23BF-4D69-A637-CC342929B974}.Release|Any CPU.ActiveCfg = Release|Any CPU
		{EB41DB46-23BF-4D69-A637-CC342929B974}.Release|Any CPU.Build.0 = Release|Any CPU
		{5686BECA-8981-4693-9A82-6AFC10B45270}.Debug|Any CPU.ActiveCfg = Debug|Any CPU
		{5686BECA-8981-4693-9A82-6AFC10B45270}.Debug|Any CPU.Build.0 = Debug|Any CPU
		{5686BECA-8981-4693-9A82-6AFC10B45270}.Release|Any CPU.ActiveCfg = Release|Any CPU
		{5686BECA-8981-4693-9A82-6AFC10B45270}.Release|Any CPU.Build.0 = Release|Any CPU
	EndGlobalSection
EndGlobal
